
Microsoft Visual Studio Solution File, Format Version 12.00
# Visual Studio Version 16
VisualStudioVersion = 16.0.33423.256
MinimumVisualStudioVersion = 10.0.40219.1
Project("{FAE04EC0-301F-11D3-BF4B-00C04F79EFBC}") = "Assembly-CSharp", "Assembly-CSharp.csproj", "{77E14EBA-E8C6-C4C3-EE62-00FEA749DA4D}"
EndProject
Project("{FAE04EC0-301F-11D3-BF4B-00C04F79EFBC}") = "ExtensionMethods", "Projects\ExtensionMethods\ExtensionMethods.csproj", "{FE5FFAAB-7F16-46CD-A77F-6DE9EFE68786}"
EndProject
Project("{FAE04EC0-301F-11D3-BF4B-00C04F79EFBC}") = "GranuralizedGeoSphere", "Projects\GranuralizedGeoSphere\GranuralizedGeoSphere.csproj", "{FD632D4E-A2CD-47E3-A11D-F0FF73ED8DC4}"
EndProject
Project("{FAE04EC0-301F-11D3-BF4B-00C04F79EFBC}") = "ImageTools", "Projects\ImageTools\ImageTools.csproj", "{70ADE9CA-6770-4A04-8A66-1A06B6A70690}"
EndProject
Project("{FAE04EC0-301F-11D3-BF4B-00C04F79EFBC}") = "Log", "Projects\Log\Log.csproj", "{5C352C7F-2EEE-4E05-AE98-7751E52D3ABE}"
EndProject
Project("{FAE04EC0-301F-11D3-BF4B-00C04F79EFBC}") = "PathFinding", "Projects\PathFinding\PathFinding.csproj", "{A3E9CC62-B410-40EB-96C3-9C9A6B61A4E2}"
EndProject
Project("{FAE04EC0-301F-11D3-BF4B-00C04F79EFBC}") = "Rivers", "Projects\Rivers\Rivers.csproj", "{B45410FE-EEE4-41D6-8136-2B042348A4BB}"
EndProject
Global
	GlobalSection(SolutionConfigurationPlatforms) = preSolution
		Debug|Any CPU = Debug|Any CPU
		Release|Any CPU = Release|Any CPU
	EndGlobalSection
	GlobalSection(ProjectConfigurationPlatforms) = postSolution
		{77E14EBA-E8C6-C4C3-EE62-00FEA749DA4D}.Debug|Any CPU.ActiveCfg = Debug|Any CPU
		{77E14EBA-E8C6-C4C3-EE62-00FEA749DA4D}.Debug|Any CPU.Build.0 = Debug|Any CPU
		{77E14EBA-E8C6-C4C3-EE62-00FEA749DA4D}.Release|Any CPU.ActiveCfg = Release|Any CPU
		{77E14EBA-E8C6-C4C3-EE62-00FEA749DA4D}.Release|Any CPU.Build.0 = Release|Any CPU
		{FE5FFAAB-7F16-46CD-A77F-6DE9EFE68786}.Debug|Any CPU.ActiveCfg = Debug|Any CPU
		{FE5FFAAB-7F16-46CD-A77F-6DE9EFE68786}.Debug|Any CPU.Build.0 = Debug|Any CPU
		{FE5FFAAB-7F16-46CD-A77F-6DE9EFE68786}.Release|Any CPU.ActiveCfg = Release|Any CPU
		{FE5FFAAB-7F16-46CD-A77F-6DE9EFE68786}.Release|Any CPU.Build.0 = Release|Any CPU
		{FD632D4E-A2CD-47E3-A11D-F0FF73ED8DC4}.Debug|Any CPU.ActiveCfg = Debug|Any CPU
		{FD632D4E-A2CD-47E3-A11D-F0FF73ED8DC4}.Debug|Any CPU.Build.0 = Debug|Any CPU
		{FD632D4E-A2CD-47E3-A11D-F0FF73ED8DC4}.Release|Any CPU.ActiveCfg = Release|Any CPU
		{FD632D4E-A2CD-47E3-A11D-F0FF73ED8DC4}.Release|Any CPU.Build.0 = Release|Any CPU
		{70ADE9CA-6770-4A04-8A66-1A06B6A70690}.Debug|Any CPU.ActiveCfg = Debug|Any CPU
		{70ADE9CA-6770-4A04-8A66-1A06B6A70690}.Debug|Any CPU.Build.0 = Debug|Any CPU
		{70ADE9CA-6770-4A04-8A66-1A06B6A70690}.Release|Any CPU.ActiveCfg = Release|Any CPU
		{70ADE9CA-6770-4A04-8A66-1A06B6A70690}.Release|Any CPU.Build.0 = Release|Any CPU
		{5C352C7F-2EEE-4E05-AE98-7751E52D3ABE}.Debug|Any CPU.ActiveCfg = Debug|Any CPU
		{5C352C7F-2EEE-4E05-AE98-7751E52D3ABE}.Debug|Any CPU.Build.0 = Debug|Any CPU
		{5C352C7F-2EEE-4E05-AE98-7751E52D3ABE}.Release|Any CPU.ActiveCfg = Release|Any CPU
		{5C352C7F-2EEE-4E05-AE98-7751E52D3ABE}.Release|Any CPU.Build.0 = Release|Any CPU
		{A3E9CC62-B410-40EB-96C3-9C9A6B61A4E2}.Debug|Any CPU.ActiveCfg = Debug|Any CPU
		{A3E9CC62-B410-40EB-96C3-9C9A6B61A4E2}.Debug|Any CPU.Build.0 = Debug|Any CPU
		{A3E9CC62-B410-40EB-96C3-9C9A6B61A4E2}.Release|Any CPU.ActiveCfg = Release|Any CPU
		{A3E9CC62-B410-40EB-96C3-9C9A6B61A4E2}.Release|Any CPU.Build.0 = Release|Any CPU
		{B45410FE-EEE4-41D6-8136-2B042348A4BB}.Debug|Any CPU.ActiveCfg = Debug|Any CPU
		{B45410FE-EEE4-41D6-8136-2B042348A4BB}.Debug|Any CPU.Build.0 = Debug|Any CPU
		{B45410FE-EEE4-41D6-8136-2B042348A4BB}.Release|Any CPU.ActiveCfg = Release|Any CPU
		{B45410FE-EEE4-41D6-8136-2B042348A4BB}.Release|Any CPU.Build.0 = Release|Any CPU
	EndGlobalSection
	GlobalSection(SolutionProperties) = preSolution
		HideSolutionNode = FALSE
	EndGlobalSection
	GlobalSection(ExtensibilityGlobals) = postSolution
		SolutionGuid = {89874FCD-B4E5-45D6-9B31-40879CC6E84E}
	EndGlobalSection
EndGlobal
